
Microsoft Visual Studio Solution File, Format Version 12.00
# Visual Studio Version 17
VisualStudioVersion = 17.2.32314.265
MinimumVisualStudioVersion = 10.0.40219.1
Project("{FAE04EC0-301F-11D3-BF4B-00C04F79EFBC}") = "FlappyBirdDemo.Web", "FlappyBirdDemo.Web\FlappyBirdDemo.Web.csproj", "{894D9338-0105-402B-B1D3-29E1848DA60B}"
EndProject
Global
	GlobalSection(SolutionConfigurationPlatforms) = preSolution
		Debug|Any CPU = Debug|Any CPU
		Release|Any CPU = Release|Any CPU
	EndGlobalSection
	GlobalSection(ProjectConfigurationPlatforms) = postSolution
		{894D9338-0105-402B-B1D3-29E1848DA60B}.Debug|Any CPU.ActiveCfg = Debug|Any CPU
		{894D9338-0105-402B-B1D3-29E1848DA60B}.Debug|Any CPU.Build.0 = Debug|Any CPU
		{894D9338-0105-402B-B1D3-29E1848DA60B}.Release|Any CPU.ActiveCfg = Release|Any CPU
		{894D9338-0105-402B-B1D3-29E1848DA60B}.Release|Any CPU.Build.0 = Release|Any CPU
	EndGlobalSection
	GlobalSection(SolutionProperties) = preSolution
		HideSolutionNode = FALSE
	EndGlobalSection
	GlobalSection(ExtensibilityGlobals) = postSolution
		SolutionGuid = {EE4A27B1-E678-4FB0-B8E1-0BDAA3CD046D}
	EndGlobalSection
EndGlobal
